// !$*UTF8*$!
{
	archiveVersion = 1;
	classes = {
	};
	objectVersion = 77;
	objects = {

/* Begin PBXBuildFile section */
		08CC12C5FFC6296C55E7556A /* PhotoBrowserViewModel.swift in Sources */ = {isa = PBXBuildFile; fileRef = 1AC0EBF7F4D2CF3EC156C32D /* PhotoBrowserViewModel.swift */; };
		2C7FAAC82AA7401085DD86D1 /* TileTapCatcher.swift in Sources */ = {isa = PBXBuildFile; fileRef = 25076C2842DE051EBD743B1B /* TileTapCatcher.swift */; };
		841A35F2DFBA8909552F7E30 /* MacPhotoMasterCore in Frameworks */ = {isa = PBXBuildFile; productRef = 21E00B7C5976EB631C9AD77E /* MacPhotoMasterCore */; };
		875F4B59CB8C64F331B83710 /* PreviewPanelView.swift in Sources */ = {isa = PBXBuildFile; fileRef = 0CB19FDEBDD2FA25EB09962A /* PreviewPanelView.swift */; };
		8AE211E1A640E82BD0EC12C5 /* SettingsView.swift in Sources */ = {isa = PBXBuildFile; fileRef = 2B7FCED9F7F2258B0446A677 /* SettingsView.swift */; };
		95B83F047537857E4288C4F6 /* VideoPreviewView.swift in Sources */ = {isa = PBXBuildFile; fileRef = 1BCDD79394071883FE07D365 /* VideoPreviewView.swift */; };
		95E1B7C96C641C694916552B /* SourcePanelView.swift in Sources */ = {isa = PBXBuildFile; fileRef = E8EFACB84A6F078CCFD97D04 /* SourcePanelView.swift */; };
		A0D39649BCF746FCB010894E /* Assets.xcassets in Resources */ = {isa = PBXBuildFile; fileRef = 7C3EA4478AF643C1146C5B6E /* Assets.xcassets */; };
		D23C30AB6035C90E93248B8E /* MetadataPanelView.swift in Sources */ = {isa = PBXBuildFile; fileRef = 134CE94E535084A60DF19BD5 /* MetadataPanelView.swift */; };
		D602D8465FED435504DCE036 /* MacPhotoMasterPadApp.swift in Sources */ = {isa = PBXBuildFile; fileRef = BA9FB40F140610C3DAFCE5FA /* MacPhotoMasterPadApp.swift */; };
		ED08639FA2E341EB44424DA6 /* ContentView.swift in Sources */ = {isa = PBXBuildFile; fileRef = A96272D4BA18B963F5611944 /* ContentView.swift */; };
		F6549851CC38F5C4235BA241 /* ZoomableImageView.swift in Sources */ = {isa = PBXBuildFile; fileRef = A2B0D1D5D8C036698AF619CC /* ZoomableImageView.swift */; };
/* End PBXBuildFile section */

/* Begin PBXFileReference section */
		0CB19FDEBDD2FA25EB09962A /* PreviewPanelView.swift */ = {isa = PBXFileReference; lastKnownFileType = sourcecode.swift; path = PreviewPanelView.swift; sourceTree = "<group>"; };
		134CE94E535084A60DF19BD5 /* MetadataPanelView.swift */ = {isa = PBXFileReference; lastKnownFileType = sourcecode.swift; path = MetadataPanelView.swift; sourceTree = "<group>"; };
		1AC0EBF7F4D2CF3EC156C32D /* PhotoBrowserViewModel.swift */ = {isa = PBXFileReference; lastKnownFileType = sourcecode.swift; path = PhotoBrowserViewModel.swift; sourceTree = "<group>"; };
		1BCDD79394071883FE07D365 /* VideoPreviewView.swift */ = {isa = PBXFileReference; lastKnownFileType = sourcecode.swift; path = VideoPreviewView.swift; sourceTree = "<group>"; };
		25076C2842DE051EBD743B1B /* TileTapCatcher.swift */ = {isa = PBXFileReference; lastKnownFileType = sourcecode.swift; path = TileTapCatcher.swift; sourceTree = "<group>"; };
		2B7FCED9F7F2258B0446A677 /* SettingsView.swift */ = {isa = PBXFileReference; lastKnownFileType = sourcecode.swift; path = SettingsView.swift; sourceTree = "<group>"; };
		7C3EA4478AF643C1146C5B6E /* Assets.xcassets */ = {isa = PBXFileReference; lastKnownFileType = folder.assetcatalog; path = Assets.xcassets; sourceTree = "<group>"; };
		9C52916AB855ADDBA1A91041 /* MacPhotoMaster-Swift */ = {isa = PBXFileReference; lastKnownFileType = folder; name = "MacPhotoMaster-Swift"; path = ..; sourceTree = SOURCE_ROOT; };
		A2B0D1D5D8C036698AF619CC /* ZoomableImageView.swift */ = {isa = PBXFileReference; lastKnownFileType = sourcecode.swift; path = ZoomableImageView.swift; sourceTree = "<group>"; };
		A96272D4BA18B963F5611944 /* ContentView.swift */ = {isa = PBXFileReference; lastKnownFileType = sourcecode.swift; path = ContentView.swift; sourceTree = "<group>"; };
		BA9FB40F140610C3DAFCE5FA /* MacPhotoMasterPadApp.swift */ = {isa = PBXFileReference; lastKnownFileType = sourcecode.swift; path = MacPhotoMasterPadApp.swift; sourceTree = "<group>"; };
		C7A4D55B9950CA100A6FFEE9 /* MacPhotoMasterPad.app */ = {isa = PBXFileReference; includeInIndex = 0; lastKnownFileType = wrapper.application; path = MacPhotoMasterPad.app; sourceTree = BUILT_PRODUCTS_DIR; };
		E8EFACB84A6F078CCFD97D04 /* SourcePanelView.swift */ = {isa = PBXFileReference; lastKnownFileType = sourcecode.swift; path = SourcePanelView.swift; sourceTree = "<group>"; };
/* End PBXFileReference section */

/* Begin PBXFrameworksBuildPhase section */
		24C02406EFDC370B89E8B346 /* Frameworks */ = {
			isa = PBXFrameworksBuildPhase;
			buildActionMask = 2147483647;
			files = (
				841A35F2DFBA8909552F7E30 /* MacPhotoMasterCore in Frameworks */,
			);
			runOnlyForDeploymentPostprocessing = 0;
		};
/* End PBXFrameworksBuildPhase section */

/* Begin PBXGroup section */
		02A62C5FAF36897A02D3D96B /* Products */ = {
			isa = PBXGroup;
			children = (
				C7A4D55B9950CA100A6FFEE9 /* MacPhotoMasterPad.app */,
			);
			name = Products;
			sourceTree = "<group>";
		};
		464593693C611890AD3967FF = {
			isa = PBXGroup;
			children = (
				9D8860460AFC0D9B64C0B65A /* Packages */,
				D55D7996A5D5D03A07A7DF1F /* Sources */,
				02A62C5FAF36897A02D3D96B /* Products */,
			);
			sourceTree = "<group>";
		};
		9D8860460AFC0D9B64C0B65A /* Packages */ = {
			isa = PBXGroup;
			children = (
				9C52916AB855ADDBA1A91041 /* MacPhotoMaster-Swift */,
			);
			name = Packages;
			sourceTree = "<group>";
		};
		D55D7996A5D5D03A07A7DF1F /* Sources */ = {
			isa = PBXGroup;
			children = (
				7C3EA4478AF643C1146C5B6E /* Assets.xcassets */,
				A96272D4BA18B963F5611944 /* ContentView.swift */,
				BA9FB40F140610C3DAFCE5FA /* MacPhotoMasterPadApp.swift */,
				134CE94E535084A60DF19BD5 /* MetadataPanelView.swift */,
				1AC0EBF7F4D2CF3EC156C32D /* PhotoBrowserViewModel.swift */,
				0CB19FDEBDD2FA25EB09962A /* PreviewPanelView.swift */,
				2B7FCED9F7F2258B0446A677 /* SettingsView.swift */,
				E8EFACB84A6F078CCFD97D04 /* SourcePanelView.swift */,
				25076C2842DE051EBD743B1B /* TileTapCatcher.swift */,
				1BCDD79394071883FE07D365 /* VideoPreviewView.swift */,
				A2B0D1D5D8C036698AF619CC /* ZoomableImageView.swift */,
			);
			path = Sources;
			sourceTree = "<group>";
		};
/* End PBXGroup section */

/* Begin PBXNativeTarget section */
		818368445FDF92E659E17C8F /* MacPhotoMasterPad */ = {
			isa = PBXNativeTarget;
			buildConfigurationList = C9C36C5A2D27C22F31268B79 /* Build configuration list for PBXNativeTarget "MacPhotoMasterPad" */;
			buildPhases = (
				95B1E3D3D43F537E63D2D08B /* Sources */,
				AF10FEE55A652088F348D2B7 /* Resources */,
				24C02406EFDC370B89E8B346 /* Frameworks */,
			);
			buildRules = (
			);
			dependencies = (
			);
			name = MacPhotoMasterPad;
			packageProductDependencies = (
				21E00B7C5976EB631C9AD77E /* MacPhotoMasterCore */,
			);
			productName = MacPhotoMasterPad;
			productReference = C7A4D55B9950CA100A6FFEE9 /* MacPhotoMasterPad.app */;
			productType = "com.apple.product-type.application";
		};
/* End PBXNativeTarget section */

/* Begin PBXProject section */
		EB2789D986DB610D3293DD95 /* Project object */ = {
			isa = PBXProject;
			attributes = {
				BuildIndependentTargetsInParallel = YES;
				LastUpgradeCheck = 1430;
				TargetAttributes = {
					818368445FDF92E659E17C8F = {
						DevelopmentTeam = U4UCUZRYBD;
						ProvisioningStyle = Automatic;
					};
				};
			};
			buildConfigurationList = DE72D7FAFFF175497F8CEF24 /* Build configuration list for PBXProject "MacPhotoMasterPad" */;
			developmentRegion = en;
			hasScannedForEncodings = 0;
			knownRegions = (
				Base,
				en,
			);
			mainGroup = 464593693C611890AD3967FF;
			minimizedProjectReferenceProxies = 1;
			packageReferences = (
				B3B9F0BD3AFC4FA5D01D8E7F /* XCLocalSwiftPackageReference ".." */,
			);
			preferredProjectObjectVersion = 77;
			productRefGroup = 02A62C5FAF36897A02D3D96B /* Products */;
			projectDirPath = "";
			projectRoot = "";
			targets = (
				818368445FDF92E659E17C8F /* MacPhotoMasterPad */,
			);
		};
/* End PBXProject section */

/* Begin PBXResourcesBuildPhase section */
		AF10FEE55A652088F348D2B7 /* Resources */ = {
			isa = PBXResourcesBuildPhase;
			buildActionMask = 2147483647;
			files = (
				A0D39649BCF746FCB010894E /* Assets.xcassets in Resources */,
			);
			runOnlyForDeploymentPostprocessing = 0;
		};
/* End PBXResourcesBuildPhase section */

/* Begin PBXSourcesBuildPhase section */
		95B1E3D3D43F537E63D2D08B /* Sources */ = {
			isa = PBXSourcesBuildPhase;
			buildActionMask = 2147483647;
			files = (
				ED08639FA2E341EB44424DA6 /* ContentView.swift in Sources */,
				D602D8465FED435504DCE036 /* MacPhotoMasterPadApp.swift in Sources */,
				D23C30AB6035C90E93248B8E /* MetadataPanelView.swift in Sources */,
				08CC12C5FFC6296C55E7556A /* PhotoBrowserViewModel.swift in Sources */,
				875F4B59CB8C64F331B83710 /* PreviewPanelView.swift in Sources */,
				8AE211E1A640E82BD0EC12C5 /* SettingsView.swift in Sources */,
				95E1B7C96C641C694916552B /* SourcePanelView.swift in Sources */,
				2C7FAAC82AA7401085DD86D1 /* TileTapCatcher.swift in Sources */,
				95B83F047537857E4288C4F6 /* VideoPreviewView.swift in Sources */,
				F6549851CC38F5C4235BA241 /* ZoomableImageView.swift in Sources */,
			);
			runOnlyForDeploymentPostprocessing = 0;
		};
/* End PBXSourcesBuildPhase section */

/* Begin XCBuildConfiguration section */
		5C7C22B2A225A2654DCB53DD /* Debug */ = {
			isa = XCBuildConfiguration;
			buildSettings = {
				ALWAYS_SEARCH_USER_PATHS = NO;
				CLANG_ANALYZER_NONNULL = YES;
				CLANG_ANALYZER_NUMBER_OBJECT_CONVERSION = YES_AGGRESSIVE;
				CLANG_CXX_LANGUAGE_STANDARD = "gnu++14";
				CLANG_CXX_LIBRARY = "libc++";
				CLANG_ENABLE_MODULES = YES;
				CLANG_ENABLE_OBJC_ARC = YES;
				CLANG_ENABLE_OBJC_WEAK = YES;
				CLANG_WARN_BLOCK_CAPTURE_AUTORELEASING = YES;
				CLANG_WARN_BOOL_CONVERSION = YES;
				CLANG_WARN_COMMA = YES;
				CLANG_WARN_CONSTANT_CONVERSION = YES;
				CLANG_WARN_DEPRECATED_OBJC_IMPLEMENTATIONS = YES;
				CLANG_WARN_DIRECT_OBJC_ISA_USAGE = YES_ERROR;
				CLANG_WARN_DOCUMENTATION_COMMENTS = YES;
				CLANG_WARN_EMPTY_BODY = YES;
				CLANG_WARN_ENUM_CONVERSION = YES;
				CLANG_WARN_INFINITE_RECURSION = YES;
				CLANG_WARN_INT_CONVERSION = YES;
				CLANG_WARN_NON_LITERAL_NULL_CONVERSION = YES;
				CLANG_WARN_OBJC_IMPLICIT_RETAIN_SELF = YES;
				CLANG_WARN_OBJC_LITERAL_CONVERSION = YES;
				CLANG_WARN_OBJC_ROOT_CLASS = YES_ERROR;
				CLANG_WARN_QUOTED_INCLUDE_IN_FRAMEWORK_HEADER = YES;
				CLANG_WARN_RANGE_LOOP_ANALYSIS = YES;
				CLANG_WARN_STRICT_PROTOTYPES = YES;
				CLANG_WARN_SUSPICIOUS_MOVE = YES;
				CLANG_WARN_UNGUARDED_AVAILABILITY = YES_AGGRESSIVE;
				CLANG_WARN_UNREACHABLE_CODE = YES;
				CLANG_WARN__DUPLICATE_METHOD_MATCH = YES;
				COPY_PHASE_STRIP = NO;
				DEBUG_INFORMATION_FORMAT = dwarf;
				ENABLE_STRICT_OBJC_MSGSEND = YES;
				ENABLE_TESTABILITY = YES;
				GCC_C_LANGUAGE_STANDARD = gnu11;
				GCC_DYNAMIC_NO_PIC = NO;
				GCC_NO_COMMON_BLOCKS = YES;
				GCC_OPTIMIZATION_LEVEL = 0;
				GCC_PREPROCESSOR_DEFINITIONS = (
					"$(inherited)",
					"DEBUG=1",
				);
				GCC_WARN_64_TO_32_BIT_CONVERSION = YES;
				GCC_WARN_ABOUT_RETURN_TYPE = YES_ERROR;
				GCC_WARN_UNDECLARED_SELECTOR = YES;
				GCC_WARN_UNINITIALIZED_AUTOS = YES_AGGRESSIVE;
				GCC_WARN_UNUSED_FUNCTION = YES;
				GCC_WARN_UNUSED_VARIABLE = YES;
				IPHONEOS_DEPLOYMENT_TARGET = 17.0;
				MTL_ENABLE_DEBUG_INFO = INCLUDE_SOURCE;
				MTL_FAST_MATH = YES;
				ONLY_ACTIVE_ARCH = YES;
				PRODUCT_NAME = "$(TARGET_NAME)";
				SDKROOT = iphoneos;
				SWIFT_ACTIVE_COMPILATION_CONDITIONS = DEBUG;
				SWIFT_OPTIMIZATION_LEVEL = "-Onone";
				SWIFT_VERSION = 5.0;
			};
			name = Debug;
		};
		643F3BD6C37930D2EBA3E4A3 /* Release */ = {
			isa = XCBuildConfiguration;
			buildSettings = {
				ASSETCATALOG_COMPILER_APPICON_NAME = AppIcon;
				CODE_SIGN_ENTITLEMENTS = MacPhotoMasterPad.entitlements;
				CODE_SIGN_IDENTITY = "iPhone Developer";
				CODE_SIGN_STYLE = Automatic;
				CURRENT_PROJECT_VERSION = 1;
				DEVELOPMENT_TEAM = U4UCUZRYBD;
				GENERATE_INFOPLIST_FILE = YES;
				INFOPLIST_FILE = Info.plist;
				INFOPLIST_KEY_LSSupportsOpeningDocumentsInPlace = YES;
				INFOPLIST_KEY_UILaunchScreen_Generation = YES;
				INFOPLIST_KEY_UISupportedInterfaceOrientations_iPad = "UIInterfaceOrientationLandscapeLeft UIInterfaceOrientationLandscapeRight UIInterfaceOrientationPortrait UIInterfaceOrientationPortraitUpsideDown";
				LD_RUNPATH_SEARCH_PATHS = (
					"$(inherited)",
					"@executable_path/Frameworks",
				);
				MARKETING_VERSION = 1.0;
				PRODUCT_BUNDLE_IDENTIFIER = photos.briansmith.macphotomasterpad;
				PRODUCT_NAME = MacPhotoMasterPad;
				SDKROOT = iphoneos;
				SWIFT_VERSION = 5.0;
				TARGETED_DEVICE_FAMILY = 2;
			};
			name = Release;
		};
		678A44BCE2BE33B06049D0B8 /* Debug */ = {
			isa = XCBuildConfiguration;
			buildSettings = {
				ASSETCATALOG_COMPILER_APPICON_NAME = AppIcon;
				CODE_SIGN_ENTITLEMENTS = MacPhotoMasterPad.entitlements;
				CODE_SIGN_IDENTITY = "iPhone Developer";
				CODE_SIGN_STYLE = Automatic;
				CURRENT_PROJECT_VERSION = 1;
				DEVELOPMENT_TEAM = U4UCUZRYBD;
				GENERATE_INFOPLIST_FILE = YES;
				INFOPLIST_FILE = Info.plist;
				INFOPLIST_KEY_LSSupportsOpeningDocumentsInPlace = YES;
				INFOPLIST_KEY_UILaunchScreen_Generation = YES;
				INFOPLIST_KEY_UISupportedInterfaceOrientations_iPad = "UIInterfaceOrientationLandscapeLeft UIInterfaceOrientationLandscapeRight UIInterfaceOrientationPortrait UIInterfaceOrientationPortraitUpsideDown";
				LD_RUNPATH_SEARCH_PATHS = (
					"$(inherited)",
					"@executable_path/Frameworks",
				);
				MARKETING_VERSION = 1.0;
				PRODUCT_BUNDLE_IDENTIFIER = photos.briansmith.macphotomasterpad;
				PRODUCT_NAME = MacPhotoMasterPad;
				SDKROOT = iphoneos;
				SWIFT_VERSION = 5.0;
				TARGETED_DEVICE_FAMILY = 2;
			};
			name = Debug;
		};
		A3769C7F68D7A49EB4FE4069 /* Release */ = {
			isa = XCBuildConfiguration;
			buildSettings = {
				ALWAYS_SEARCH_USER_PATHS = NO;
				CLANG_ANALYZER_NONNULL = YES;
				CLANG_ANALYZER_NUMBER_OBJECT_CONVERSION = YES_AGGRESSIVE;
				CLANG_CXX_LANGUAGE_STANDARD = "gnu++14";
				CLANG_CXX_LIBRARY = "libc++";
				CLANG_ENABLE_MODULES = YES;
				CLANG_ENABLE_OBJC_ARC = YES;
				CLANG_ENABLE_OBJC_WEAK = YES;
				CLANG_WARN_BLOCK_CAPTURE_AUTORELEASING = YES;
				CLANG_WARN_BOOL_CONVERSION = YES;
				CLANG_WARN_COMMA = YES;
				CLANG_WARN_CONSTANT_CONVERSION = YES;
				CLANG_WARN_DEPRECATED_OBJC_IMPLEMENTATIONS = YES;
				CLANG_WARN_DIRECT_OBJC_ISA_USAGE = YES_ERROR;
				CLANG_WARN_DOCUMENTATION_COMMENTS = YES;
				CLANG_WARN_EMPTY_BODY = YES;
				CLANG_WARN_ENUM_CONVERSION = YES;
				CLANG_WARN_INFINITE_RECURSION = YES;
				CLANG_WARN_INT_CONVERSION = YES;
				CLANG_WARN_NON_LITERAL_NULL_CONVERSION = YES;
				CLANG_WARN_OBJC_IMPLICIT_RETAIN_SELF = YES;
				CLANG_WARN_OBJC_LITERAL_CONVERSION = YES;
				CLANG_WARN_OBJC_ROOT_CLASS = YES_ERROR;
				CLANG_WARN_QUOTED_INCLUDE_IN_FRAMEWORK_HEADER = YES;
				CLANG_WARN_RANGE_LOOP_ANALYSIS = YES;
				CLANG_WARN_STRICT_PROTOTYPES = YES;
				CLANG_WARN_SUSPICIOUS_MOVE = YES;
				CLANG_WARN_UNGUARDED_AVAILABILITY = YES_AGGRESSIVE;
				CLANG_WARN_UNREACHABLE_CODE = YES;
				CLANG_WARN__DUPLICATE_METHOD_MATCH = YES;
				COPY_PHASE_STRIP = NO;
				DEBUG_INFORMATION_FORMAT = "dwarf-with-dsym";
				ENABLE_NS_ASSERTIONS = NO;
				ENABLE_STRICT_OBJC_MSGSEND = YES;
				GCC_C_LANGUAGE_STANDARD = gnu11;
				GCC_NO_COMMON_BLOCKS = YES;
				GCC_WARN_64_TO_32_BIT_CONVERSION = YES;
				GCC_WARN_ABOUT_RETURN_TYPE = YES_ERROR;
				GCC_WARN_UNDECLARED_SELECTOR = YES;
				GCC_WARN_UNINITIALIZED_AUTOS = YES_AGGRESSIVE;
				GCC_WARN_UNUSED_FUNCTION = YES;
				GCC_WARN_UNUSED_VARIABLE = YES;
				IPHONEOS_DEPLOYMENT_TARGET = 17.0;
				MTL_ENABLE_DEBUG_INFO = NO;
				MTL_FAST_MATH = YES;
				PRODUCT_NAME = "$(TARGET_NAME)";
				SDKROOT = iphoneos;
				SWIFT_COMPILATION_MODE = wholemodule;
				SWIFT_OPTIMIZATION_LEVEL = "-O";
				SWIFT_VERSION = 5.0;
			};
			name = Release;
		};
/* End XCBuildConfiguration section */

/* Begin XCConfigurationList section */
		C9C36C5A2D27C22F31268B79 /* Build configuration list for PBXNativeTarget "MacPhotoMasterPad" */ = {
			isa = XCConfigurationList;
			buildConfigurations = (
				678A44BCE2BE33B06049D0B8 /* Debug */,
				643F3BD6C37930D2EBA3E4A3 /* Release */,
			);
			defaultConfigurationIsVisible = 0;
			defaultConfigurationName = Debug;
		};
		DE72D7FAFFF175497F8CEF24 /* Build configuration list for PBXProject "MacPhotoMasterPad" */ = {
			isa = XCConfigurationList;
			buildConfigurations = (
				5C7C22B2A225A2654DCB53DD /* Debug */,
				A3769C7F68D7A49EB4FE4069 /* Release */,
			);
			defaultConfigurationIsVisible = 0;
			defaultConfigurationName = Debug;
		};
/* End XCConfigurationList section */

/* Begin XCLocalSwiftPackageReference section */
		B3B9F0BD3AFC4FA5D01D8E7F /* XCLocalSwiftPackageReference ".." */ = {
			isa = XCLocalSwiftPackageReference;
			relativePath = ..;
		};
/* End XCLocalSwiftPackageReference section */

/* Begin XCSwiftPackageProductDependency section */
		21E00B7C5976EB631C9AD77E /* MacPhotoMasterCore */ = {
			isa = XCSwiftPackageProductDependency;
			productName = MacPhotoMasterCore;
		};
/* End XCSwiftPackageProductDependency section */
	};
	rootObject = EB2789D986DB610D3293DD95 /* Project object */;
}
